
Microsoft Visual Studio Solution File, Format Version 12.00
Project("{FAE04EC0-301F-11D3-BF4B-00C04F79EFBC}") = "Servidor", "Servidor\Servidor.csproj", "{8DFC9D86-487E-4369-A659-9A2FC835127B}"
EndProject
Project("{FAE04EC0-301F-11D3-BF4B-00C04F79EFBC}") = "Cliente", "Cliente\Cliente.csproj", "{94551C18-AC4A-434E-9240-BA2413C807DD}"
EndProject
Global
	GlobalSection(SolutionConfigurationPlatforms) = preSolution
		Debug|Any CPU = Debug|Any CPU
		Release|Any CPU = Release|Any CPU
	EndGlobalSection
	GlobalSection(ProjectConfigurationPlatforms) = postSolution
		{8DFC9D86-487E-4369-A659-9A2FC835127B}.Debug|Any CPU.ActiveCfg = Debug|Any CPU
		{8DFC9D86-487E-4369-A659-9A2FC835127B}.Debug|Any CPU.Build.0 = Debug|Any CPU
		{8DFC9D86-487E-4369-A659-9A2FC835127B}.Release|Any CPU.ActiveCfg = Release|Any CPU
		{8DFC9D86-487E-4369-A659-9A2FC835127B}.Release|Any CPU.Build.0 = Release|Any CPU
		{94551C18-AC4A-434E-9240-BA2413C807DD}.Debug|Any CPU.ActiveCfg = Debug|Any CPU
		{94551C18-AC4A-434E-9240-BA2413C807DD}.Debug|Any CPU.Build.0 = Debug|Any CPU
		{94551C18-AC4A-434E-9240-BA2413C807DD}.Release|Any CPU.ActiveCfg = Release|Any CPU
		{94551C18-AC4A-434E-9240-BA2413C807DD}.Release|Any CPU.Build.0 = Release|Any CPU
	EndGlobalSection
EndGlobal
